
Microsoft Visual Studio Solution File, Format Version 12.00
# Visual Studio Version 17
VisualStudioVersion = 17.10.35027.167
MinimumVisualStudioVersion = 10.0.40219.1
Project("{8BC9CEB8-8B4A-11D0-8D11-00A0C91BC942}") = "Exercise04-Pyramid", "Exercise04-Pyramid.vcxproj", "{34A30E96-7E19-4411-8DBD-078AAF8B3A53}"
EndProject
Global
	GlobalSection(SolutionConfigurationPlatforms) = preSolution
		Debug|x64 = Debug|x64
		Debug|x86 = Debug|x86
		Release|x64 = Release|x64
		Release|x86 = Release|x86
	EndGlobalSection
	GlobalSection(ProjectConfigurationPlatforms) = postSolution
		{34A30E96-7E19-4411-8DBD-078AAF8B3A53}.Debug|x64.ActiveCfg = Debug|x64
		{34A30E96-7E19-4411-8DBD-078AAF8B3A53}.Debug|x64.Build.0 = Debug|x64
		{34A30E96-7E19-4411-8DBD-078AAF8B3A53}.Debug|x86.ActiveCfg = Debug|Win32
		{34A30E96-7E19-4411-8DBD-078AAF8B3A53}.Debug|x86.Build.0 = Debug|Win32
		{34A30E96-7E19-4411-8DBD-078AAF8B3A53}.Release|x64.ActiveCfg = Release|x64
		{34A30E96-7E19-4411-8DBD-078AAF8B3A53}.Release|x64.Build.0 = Release|x64
		{34A30E96-7E19-4411-8DBD-078AAF8B3A53}.Release|x86.ActiveCfg = Release|Win32
		{34A30E96-7E19-4411-8DBD-078AAF8B3A53}.Release|x86.Build.0 = Release|Win32
	EndGlobalSection
	GlobalSection(SolutionProperties) = preSolution
		HideSolutionNode = FALSE
	EndGlobalSection
	GlobalSection(ExtensibilityGlobals) = postSolution
		SolutionGuid = {7A4911AF-DADF-476D-B63A-358B3155C299}
	EndGlobalSection
EndGlobal
